github.com/protolambda/versioning-experiment/bar v0.1.0 h1:YFxvARJPw8HQYmN8sHgwTRBYfaxEkQ6FyyDxWGnSH7Y=
github.com/protolambda/versioning-experiment/bar v0.1.0/go.mod h1:QkYw2E4vtHkTsm83N7LbPAbbxdVCvt7EigtEVsw2X7g=
github.com/protolambda/versioning-experiment/foo v0.3.0 h1:OiHYIT3KLrkOI98ajbZ23SbR4tkatU5iDGxY2EtCpj4=
github.com/protolambda/versioning-experiment/foo v0.3.0/go.mod h1:EbsZX6VGNRS4zLzsQqBH4d3PJ712/LEbfxZvt0gd3O4=
